{
  "version": 4,
  "terraform_version": "0.14.2",
  "serial": 69,
  "lineage": "5510b4e8-3482-9662-a0b7-4f93bda1d631",
  "outputs": {},
  "resources": [
    {
      "mode": "data",
      "type": "archive_file",
      "name": "zip",
      "provider": "provider[\"registry.terraform.io/hashicorp/archive\"]",
      "instances": [
        {
          "schema_version": 0,
          "attributes": {
            "excludes": null,
            "id": "2f8cfe9b90a13b7c15d9ace25b5f2caa679248de",
            "output_base64sha256": "RJeeuvdkT5ne/0CkqQgz4ecVduk0mc+rhwuGthLWLTY=",
            "output_md5": "37f868906e9e5e9ac19c866c289ee5cb",
            "output_path": "lambda_payload.zip",
            "output_sha": "2f8cfe9b90a13b7c15d9ace25b5f2caa679248de",
            "output_size": 526,
            "source": [],
            "source_content": null,
            "source_content_filename": null,
            "source_dir": null,
            "source_file": "C:\\Users\\Loki\\OneDrive\\Cloud Resume Challenge\\Lambda\\dynamodb.py",
            "type": "zip"
          },
          "sensitive_attributes": []
        }
      ]
    },
    {
      "mode": "managed",
      "type": "aws_apigatewayv2_api",
      "name": "VisitorCounterAPI",
      "provider": "provider[\"registry.terraform.io/hashicorp/aws\"]",
      "instances": [
        {
          "schema_version": 0,
          "attributes": {
            "api_endpoint": "https://gpfap907w0.execute-api.ap-southeast-2.amazonaws.com",
            "api_key_selection_expression": "$request.header.x-api-key",
            "arn": "arn:aws:apigateway:ap-southeast-2::/apis/gpfap907w0",
            "body": null,
            "cors_configuration": [
              {
                "allow_credentials": false,
                "allow_headers": null,
                "allow_methods": null,
                "allow_origins": [
                  "*"
                ],
                "expose_headers": null,
                "max_age": 0
              }
            ],
            "credentials_arn": null,
            "description": "This is my API for visitor counter",
            "disable_execute_api_endpoint": false,
            "execution_arn": "arn:aws:execute-api:ap-southeast-2:319523825307:gpfap907w0",
            "id": "gpfap907w0",
            "name": "VisitorCounterAPI",
            "protocol_type": "HTTP",
            "route_key": null,
            "route_selection_expression": "$request.method $request.path",
            "tags": null,
            "target": "arn:aws:apigateway:ap-southeast-2:lambda:path/2015-03-31/functions/arn:aws:lambda:ap-southeast-2:319523825307:function:VisitorCounter/invocations",
            "version": ""
          },
          "sensitive_attributes": [],
          "private": "bnVsbA==",
          "dependencies": [
            "aws_lambda_function.VisitorCounter"
          ]
        }
      ]
    },
    {
      "mode": "managed",
      "type": "aws_apigatewayv2_deployment",
      "name": "VisitorCounter_Trigger",
      "provider": "provider[\"registry.terraform.io/hashicorp/aws\"]",
      "instances": [
        {
          "schema_version": 0,
          "attributes": {
            "api_id": "gpfap907w0",
            "auto_deployed": false,
            "description": "Automatic deployment triggered by changes to the Api configuration",
            "id": "lt57ay",
            "triggers": null
          },
          "sensitive_attributes": [],
          "private": "bnVsbA==",
          "dependencies": [
            "aws_apigatewayv2_api.VisitorCounterAPI",
            "aws_lambda_function.VisitorCounter"
          ]
        }
      ]
    },
    {
      "mode": "managed",
      "type": "aws_apigatewayv2_integration",
      "name": "VisitorCounter_Lambda",
      "provider": "provider[\"registry.terraform.io/hashicorp/aws\"]",
      "instances": [
        {
          "schema_version": 0,
          "attributes": {
            "api_id": "gpfap907w0",
            "connection_id": "",
            "connection_type": "INTERNET",
            "content_handling_strategy": "",
            "credentials_arn": "",
            "description": "",
            "id": "majv3f3",
            "integration_method": "POST",
            "integration_response_selection_expression": "",
            "integration_subtype": "",
            "integration_type": "AWS_PROXY",
            "integration_uri": "arn:aws:apigateway:ap-southeast-2:lambda:path/2015-03-31/functions/arn:aws:lambda:ap-southeast-2:319523825307:function:VisitorCounter/invocations",
            "passthrough_behavior": "",
            "payload_format_version": "2.0",
            "request_parameters": null,
            "request_templates": null,
            "template_selection_expression": "",
            "timeout_milliseconds": 30000,
            "tls_config": []
          },
          "sensitive_attributes": [],
          "private": "bnVsbA==",
          "dependencies": [
            "aws_apigatewayv2_api.VisitorCounterAPI",
            "aws_lambda_function.VisitorCounter"
          ]
        }
      ]
    },
    {
      "mode": "managed",
      "type": "aws_apigatewayv2_route",
      "name": "VisitorCounter_Route",
      "provider": "provider[\"registry.terraform.io/hashicorp/aws\"]",
      "instances": [
        {
          "schema_version": 0,
          "attributes": {
            "api_id": "gpfap907w0",
            "api_key_required": false,
            "authorization_scopes": null,
            "authorization_type": "NONE",
            "authorizer_id": "",
            "id": "u8k63qs",
            "model_selection_expression": "",
            "operation_name": "",
            "request_models": null,
            "route_key": "GET /VisitorCounter",
            "route_response_selection_expression": "",
            "target": "integrations/majv3f3"
          },
          "sensitive_attributes": [],
          "private": "bnVsbA==",
          "dependencies": [
            "aws_apigatewayv2_api.VisitorCounterAPI",
            "aws_apigatewayv2_integration.VisitorCounter_Lambda",
            "aws_lambda_function.VisitorCounter"
          ]
        }
      ]
    },
    {
      "mode": "managed",
      "type": "aws_iam_policy",
      "name": "MyLambdaPolicy",
      "provider": "provider[\"registry.terraform.io/hashicorp/aws\"]",
      "instances": [
        {
          "schema_version": 0,
          "attributes": {
            "arn": "arn:aws:iam::319523825307:policy/MyLambdaPolicy",
            "description": "",
            "id": "arn:aws:iam::319523825307:policy/MyLambdaPolicy",
            "name": "MyLambdaPolicy",
            "name_prefix": null,
            "path": "/",
            "policy": "{\r\n\t\"Version\": \"2012-10-17\",\r\n\t\"Statement\": [{\r\n\t\t\t\"Effect\": \"Allow\",\r\n\t\t\t\"Action\": [\r\n\t\t\t\t\"dynamodb:BatchGetItem\",\r\n\t\t\t\t\"dynamodb:GetItem\",\r\n\t\t\t\t\"dynamodb:Query\",\r\n\t\t\t\t\"dynamodb:Scan\",\r\n\t\t\t\t\"dynamodb:BatchWriteItem\",\r\n\t\t\t\t\"dynamodb:PutItem\",\r\n\t\t\t\t\"dynamodb:UpdateItem\"\r\n\t\t\t],\r\n\t\t\t\"Resource\": \"arn:aws:dynamodb:ap-southeast-2:319523825307:table/MyTable\"\r\n\t\t},\r\n\t\t{\r\n\t\t\t\"Effect\": \"Allow\",\r\n\t\t\t\"Action\": [\r\n\t\t\t\t\"logs:CreateLogStream\",\r\n\t\t\t\t\"logs:PutLogEvents\"\r\n\t\t\t],\r\n\t\t\t\"Resource\": \"arn:aws:logs:eu-west-1:123456789012:*\"\r\n\t\t},\r\n\t\t{\r\n\t\t\t\"Effect\": \"Allow\",\r\n\t\t\t\"Action\": \"logs:CreateLogGroup\",\r\n\t\t\t\"Resource\": \"*\"\r\n\t\t}\r\n\t]\r\n}"
          },
          "sensitive_attributes": [],
          "private": "eyJzY2hlbWFfdmVyc2lvbiI6IjAifQ=="
        }
      ]
    },
    {
      "mode": "managed",
      "type": "aws_iam_role",
      "name": "MyLambdaRole",
      "provider": "provider[\"registry.terraform.io/hashicorp/aws\"]",
      "instances": [
        {
          "schema_version": 0,
          "attributes": {
            "arn": "arn:aws:iam::319523825307:role/MyLambdaRole",
            "assume_role_policy": "{\"Version\":\"2012-10-17\",\"Statement\":[{\"Effect\":\"Allow\",\"Principal\":{\"Service\":\"lambda.amazonaws.com\"},\"Action\":\"sts:AssumeRole\"}]}",
            "create_date": "2020-11-26T12:39:08Z",
            "description": "",
            "force_detach_policies": false,
            "id": "MyLambdaRole",
            "max_session_duration": 3600,
            "name": "MyLambdaRole",
            "name_prefix": null,
            "path": "/",
            "permissions_boundary": null,
            "tags": {},
            "unique_id": "AROAUUZI2U2NY5ZX4WDXJ"
          },
          "sensitive_attributes": [],
          "private": "bnVsbA=="
        }
      ]
    },
    {
      "mode": "managed",
      "type": "aws_instance",
      "name": "RHEL8",
      "provider": "provider[\"registry.terraform.io/hashicorp/aws\"]",
      "instances": [
        {
          "schema_version": 1,
          "attributes": {
            "ami": "ami-044c46b1952ad5861",
            "arn": "arn:aws:ec2:ap-southeast-2:319523825307:instance/i-0b44cac0dee9ba8c2",
            "associate_public_ip_address": false,
            "availability_zone": "ap-southeast-2a",
            "cpu_core_count": 1,
            "cpu_threads_per_core": 1,
            "credit_specification": [
              {
                "cpu_credits": "standard"
              }
            ],
            "disable_api_termination": false,
            "ebs_block_device": [],
            "ebs_optimized": false,
            "ephemeral_block_device": [],
            "get_password_data": false,
            "hibernation": false,
            "host_id": null,
            "iam_instance_profile": "",
            "id": "i-0b44cac0dee9ba8c2",
            "instance_initiated_shutdown_behavior": null,
            "instance_state": "stopped",
            "instance_type": "t2.micro",
            "ipv6_address_count": 0,
            "ipv6_addresses": [],
            "key_name": "My-Demo-Key-Pair",
            "metadata_options": [
              {
                "http_endpoint": "enabled",
                "http_put_response_hop_limit": 1,
                "http_tokens": "optional"
              }
            ],
            "monitoring": false,
            "network_interface": [],
            "outpost_arn": "",
            "password_data": "",
            "placement_group": "",
            "primary_network_interface_id": "eni-01f3417f243759fe2",
            "private_dns": "ip-172-31-2-236.ap-southeast-2.compute.internal",
            "private_ip": "172.31.2.236",
            "public_dns": "",
            "public_ip": "",
            "root_block_device": [
              {
                "delete_on_termination": true,
                "device_name": "/dev/sda1",
                "encrypted": false,
                "iops": 100,
                "kms_key_id": "",
                "volume_id": "vol-012f3b9a13b4d01c0",
                "volume_size": 10,
                "volume_type": "gp2"
              }
            ],
            "secondary_private_ips": [],
            "security_groups": [
              "My-Demo-Security-Group"
            ],
            "source_dest_check": true,
            "subnet_id": "subnet-e410d782",
            "tags": {
              "Name": "RHEL8"
            },
            "tenancy": "default",
            "timeouts": {
              "create": null,
              "delete": null,
              "update": null
            },
            "user_data": null,
            "user_data_base64": null,
            "volume_tags": {},
            "vpc_security_group_ids": [
              "sg-0c4097f252e420ca1"
            ]
          },
          "sensitive_attributes": [],
          "private": "eyJlMmJmYjczMC1lY2FhLTExZTYtOGY4OC0zNDM2M2JjN2M0YzAiOnsiY3JlYXRlIjo2MDAwMDAwMDAwMDAsImRlbGV0ZSI6MTIwMDAwMDAwMDAwMCwidXBkYXRlIjo2MDAwMDAwMDAwMDB9LCJzY2hlbWFfdmVyc2lvbiI6IjEifQ=="
        }
      ]
    },
    {
      "mode": "managed",
      "type": "aws_instance",
      "name": "Ubuntu",
      "provider": "provider[\"registry.terraform.io/hashicorp/aws\"]",
      "instances": [
        {
          "schema_version": 1,
          "attributes": {
            "ami": "ami-0f158b0f26f18e619",
            "arn": "arn:aws:ec2:ap-southeast-2:319523825307:instance/i-0a3592c0f6e73bba4",
            "associate_public_ip_address": false,
            "availability_zone": "ap-southeast-2c",
            "cpu_core_count": 1,
            "cpu_threads_per_core": 1,
            "credit_specification": [
              {
                "cpu_credits": "standard"
              }
            ],
            "disable_api_termination": false,
            "ebs_block_device": [],
            "ebs_optimized": false,
            "ephemeral_block_device": [],
            "get_password_data": false,
            "hibernation": false,
            "host_id": null,
            "iam_instance_profile": "",
            "id": "i-0a3592c0f6e73bba4",
            "instance_initiated_shutdown_behavior": null,
            "instance_state": "stopped",
            "instance_type": "t2.micro",
            "ipv6_address_count": 0,
            "ipv6_addresses": [],
            "key_name": "My-Demo-Key-Pair",
            "metadata_options": [
              {
                "http_endpoint": "enabled",
                "http_put_response_hop_limit": 1,
                "http_tokens": "optional"
              }
            ],
            "monitoring": false,
            "network_interface": [],
            "outpost_arn": "",
            "password_data": "",
            "placement_group": "",
            "primary_network_interface_id": "eni-01c8920d0804c50cd",
            "private_dns": "ip-172-31-24-242.ap-southeast-2.compute.internal",
            "private_ip": "172.31.24.242",
            "public_dns": "",
            "public_ip": "",
            "root_block_device": [
              {
                "delete_on_termination": true,
                "device_name": "/dev/sda1",
                "encrypted": false,
                "iops": 100,
                "kms_key_id": "",
                "volume_id": "vol-091a9bf5a7d3ad901",
                "volume_size": 8,
                "volume_type": "gp2"
              }
            ],
            "secondary_private_ips": [],
            "security_groups": [
              "My-Demo-Security-Group"
            ],
            "source_dest_check": true,
            "subnet_id": "subnet-cfd8ae97",
            "tags": {
              "Name": "Ubuntu"
            },
            "tenancy": "default",
            "timeouts": {
              "create": null,
              "delete": null,
              "update": null
            },
            "user_data": null,
            "user_data_base64": null,
            "volume_tags": {},
            "vpc_security_group_ids": [
              "sg-0c4097f252e420ca1"
            ]
          },
          "sensitive_attributes": [],
          "private": "eyJlMmJmYjczMC1lY2FhLTExZTYtOGY4OC0zNDM2M2JjN2M0YzAiOnsiY3JlYXRlIjo2MDAwMDAwMDAwMDAsImRlbGV0ZSI6MTIwMDAwMDAwMDAwMCwidXBkYXRlIjo2MDAwMDAwMDAwMDB9LCJzY2hlbWFfdmVyc2lvbiI6IjEifQ=="
        }
      ]
    },
    {
      "mode": "managed",
      "type": "aws_lambda_function",
      "name": "VisitorCounter",
      "provider": "provider[\"registry.terraform.io/hashicorp/aws\"]",
      "instances": [
        {
          "schema_version": 0,
          "attributes": {
            "arn": "arn:aws:lambda:ap-southeast-2:319523825307:function:VisitorCounter",
            "code_signing_config_arn": "",
            "dead_letter_config": [],
            "description": "",
            "environment": [],
            "file_system_config": [],
            "filename": "lambda_payload.zip",
            "function_name": "VisitorCounter",
            "handler": "dynamodb.lambda_handler",
            "id": "VisitorCounter",
            "image_config": [],
            "image_uri": "",
            "invoke_arn": "arn:aws:apigateway:ap-southeast-2:lambda:path/2015-03-31/functions/arn:aws:lambda:ap-southeast-2:319523825307:function:VisitorCounter/invocations",
            "kms_key_arn": "",
            "last_modified": "2020-12-13T14:14:18.971+0000",
            "layers": [],
            "memory_size": 128,
            "package_type": "Zip",
            "publish": false,
            "qualified_arn": "arn:aws:lambda:ap-southeast-2:319523825307:function:VisitorCounter:$LATEST",
            "reserved_concurrent_executions": -1,
            "role": "arn:aws:iam::319523825307:role/MyLambdaRole",
            "runtime": "python3.7",
            "s3_bucket": null,
            "s3_key": null,
            "s3_object_version": null,
            "signing_job_arn": "",
            "signing_profile_version_arn": "",
            "source_code_hash": "RJeeuvdkT5ne/0CkqQgz4ecVduk0mc+rhwuGthLWLTY=",
            "source_code_size": 526,
            "tags": {},
            "timeout": 3,
            "timeouts": null,
            "tracing_config": [
              {
                "mode": "PassThrough"
              }
            ],
            "version": "$LATEST",
            "vpc_config": []
          },
          "sensitive_attributes": [],
          "private": "eyJlMmJmYjczMC1lY2FhLTExZTYtOGY4OC0zNDM2M2JjN2M0YzAiOnsiY3JlYXRlIjo2MDAwMDAwMDAwMDB9fQ==",
          "dependencies": [
            "aws_iam_role.MyLambdaRole",
            "data.archive_file.zip"
          ]
        }
      ]
    },
    {
      "mode": "managed",
      "type": "aws_lambda_permission",
      "name": "Lambda_APIGW",
      "provider": "provider[\"registry.terraform.io/hashicorp/aws\"]",
      "instances": [
        {
          "schema_version": 0,
          "attributes": {
            "action": "lambda:InvokeFunction",
            "event_source_token": null,
            "function_name": "arn:aws:lambda:ap-southeast-2:319523825307:function:VisitorCounter",
            "id": "lambda-00a0d0b7-eaed-4103-afd7-73bac0116ddf",
            "principal": "apigateway.amazonaws.com",
            "qualifier": "",
            "source_account": null,
            "source_arn": "arn:aws:execute-api:ap-southeast-2:319523825307:gpfap907w0/*/*/VisitorCounter",
            "statement_id": "lambda-00a0d0b7-eaed-4103-afd7-73bac0116ddf",
            "statement_id_prefix": null
          },
          "sensitive_attributes": [],
          "private": "eyJzY2hlbWFfdmVyc2lvbiI6IjAifQ=="
        }
      ]
    },
    {
      "mode": "managed",
      "type": "aws_security_group",
      "name": "My-Demo-Security-Group",
      "provider": "provider[\"registry.terraform.io/hashicorp/aws\"]",
      "instances": [
        {
          "schema_version": 1,
          "attributes": {
            "arn": "arn:aws:ec2:ap-southeast-2:319523825307:security-group/sg-0c4097f252e420ca1",
            "description": "My-Demo-Security-Group",
            "egress": [
              {
                "cidr_blocks": [
                  "0.0.0.0/0"
                ],
                "description": "",
                "from_port": 0,
                "ipv6_cidr_blocks": [],
                "prefix_list_ids": [],
                "protocol": "-1",
                "security_groups": [],
                "self": false,
                "to_port": 0
              }
            ],
            "id": "sg-0c4097f252e420ca1",
            "ingress": [
              {
                "cidr_blocks": [
                  "122.199.41.244/32"
                ],
                "description": "",
                "from_port": 22,
                "ipv6_cidr_blocks": [],
                "prefix_list_ids": [],
                "protocol": "tcp",
                "security_groups": [],
                "self": false,
                "to_port": 22
              },
              {
                "cidr_blocks": [
                  "122.199.41.244/32"
                ],
                "description": "",
                "from_port": 443,
                "ipv6_cidr_blocks": [],
                "prefix_list_ids": [],
                "protocol": "tcp",
                "security_groups": [],
                "self": false,
                "to_port": 443
              },
              {
                "cidr_blocks": [
                  "122.199.41.244/32"
                ],
                "description": "",
                "from_port": 53,
                "ipv6_cidr_blocks": [],
                "prefix_list_ids": [],
                "protocol": "tcp",
                "security_groups": [],
                "self": false,
                "to_port": 53
              },
              {
                "cidr_blocks": [
                  "122.199.41.244/32"
                ],
                "description": "",
                "from_port": 53,
                "ipv6_cidr_blocks": [],
                "prefix_list_ids": [],
                "protocol": "udp",
                "security_groups": [],
                "self": false,
                "to_port": 53
              },
              {
                "cidr_blocks": [
                  "122.199.41.244/32"
                ],
                "description": "",
                "from_port": 80,
                "ipv6_cidr_blocks": [],
                "prefix_list_ids": [],
                "protocol": "tcp",
                "security_groups": [],
                "self": false,
                "to_port": 80
              }
            ],
            "name": "My-Demo-Security-Group",
            "name_prefix": "",
            "owner_id": "319523825307",
            "revoke_rules_on_delete": null,
            "tags": {},
            "timeouts": {
              "create": null,
              "delete": null
            },
            "vpc_id": "vpc-fbe4fb9c"
          },
          "sensitive_attributes": [],
          "private": "eyJlMmJmYjczMC1lY2FhLTExZTYtOGY4OC0zNDM2M2JjN2M0YzAiOnsiY3JlYXRlIjo2MDAwMDAwMDAwMDAsImRlbGV0ZSI6NjAwMDAwMDAwMDAwfSwic2NoZW1hX3ZlcnNpb24iOiIxIn0="
        }
      ]
    },
    {
      "mode": "managed",
      "type": "aws_subnet",
      "name": "default",
      "provider": "provider[\"registry.terraform.io/hashicorp/aws\"]",
      "instances": [
        {
          "schema_version": 1,
          "attributes": {
            "arn": "arn:aws:ec2:ap-southeast-2:319523825307:subnet/subnet-e410d782",
            "assign_ipv6_address_on_creation": false,
            "availability_zone": "ap-southeast-2a",
            "availability_zone_id": "apse2-az1",
            "cidr_block": "172.31.0.0/20",
            "id": "subnet-e410d782",
            "ipv6_cidr_block": "",
            "ipv6_cidr_block_association_id": "",
            "map_public_ip_on_launch": true,
            "outpost_arn": "",
            "owner_id": "319523825307",
            "tags": {},
            "timeouts": {
              "create": null,
              "delete": null
            },
            "vpc_id": "vpc-fbe4fb9c"
          },
          "sensitive_attributes": [],
          "private": "eyJlMmJmYjczMC1lY2FhLTExZTYtOGY4OC0zNDM2M2JjN2M0YzAiOnsiY3JlYXRlIjo2MDAwMDAwMDAwMDAsImRlbGV0ZSI6MTIwMDAwMDAwMDAwMH0sInNjaGVtYV92ZXJzaW9uIjoiMSJ9",
          "dependencies": [
            "aws_vpc.default"
          ]
        }
      ]
    },
    {
      "mode": "managed",
      "type": "aws_vpc",
      "name": "default",
      "provider": "provider[\"registry.terraform.io/hashicorp/aws\"]",
      "instances": [
        {
          "schema_version": 1,
          "attributes": {
            "arn": "arn:aws:ec2:ap-southeast-2:319523825307:vpc/vpc-fbe4fb9c",
            "assign_generated_ipv6_cidr_block": false,
            "cidr_block": "172.31.0.0/16",
            "default_network_acl_id": "acl-754cc913",
            "default_route_table_id": "rtb-73f09115",
            "default_security_group_id": "sg-6e720327",
            "dhcp_options_id": "dopt-81efd6e6",
            "enable_classiclink": false,
            "enable_classiclink_dns_support": false,
            "enable_dns_hostnames": true,
            "enable_dns_support": true,
            "id": "vpc-fbe4fb9c",
            "instance_tenancy": "default",
            "ipv6_association_id": "",
            "ipv6_cidr_block": "",
            "main_route_table_id": "rtb-73f09115",
            "owner_id": "319523825307",
            "tags": {}
          },
          "sensitive_attributes": [],
          "private": "eyJzY2hlbWFfdmVyc2lvbiI6IjEifQ=="
        }
      ]
    }
  ]
}
